
Microsoft Visual Studio Solution File, Format Version 12.00
# Visual Studio 15
Project("{FAE04EC0-301F-11D3-BF4B-00C04F79EFBC}") = "BetterHierarchy", "BetterHierarchy.csproj", "{009483E9-50F9-6D61-AA01-C8CD8CEC2D6E}"
EndProject
Project("{FAE04EC0-301F-11D3-BF4B-00C04F79EFBC}") = "Assembly-CSharp", "Assembly-CSharp.csproj", "{5816BF24-B281-13D9-96CB-D1A2E9539376}"
EndProject
Project("{FAE04EC0-301F-11D3-BF4B-00C04F79EFBC}") = "BetterHierarchyDemoScripts", "BetterHierarchyDemoScripts.csproj", "{6567CF3F-5F11-67E6-3507-45B8DF844F29}"
EndProject
Global
	GlobalSection(SolutionConfigurationPlatforms) = preSolution
		Debug|Any CPU = Debug|Any CPU
		Release|Any CPU = Release|Any CPU
	EndGlobalSection
	GlobalSection(ProjectConfigurationPlatforms) = postSolution
		{009483E9-50F9-6D61-AA01-C8CD8CEC2D6E}.Debug|Any CPU.ActiveCfg = Debug|Any CPU
		{009483E9-50F9-6D61-AA01-C8CD8CEC2D6E}.Debug|Any CPU.Build.0 = Debug|Any CPU
		{009483E9-50F9-6D61-AA01-C8CD8CEC2D6E}.Release|Any CPU.ActiveCfg = Release|Any CPU
		{009483E9-50F9-6D61-AA01-C8CD8CEC2D6E}.Release|Any CPU.Build.0 = Release|Any CPU
		{5816BF24-B281-13D9-96CB-D1A2E9539376}.Debug|Any CPU.ActiveCfg = Debug|Any CPU
		{5816BF24-B281-13D9-96CB-D1A2E9539376}.Debug|Any CPU.Build.0 = Debug|Any CPU
		{5816BF24-B281-13D9-96CB-D1A2E9539376}.Release|Any CPU.ActiveCfg = Release|Any CPU
		{5816BF24-B281-13D9-96CB-D1A2E9539376}.Release|Any CPU.Build.0 = Release|Any CPU
		{6567CF3F-5F11-67E6-3507-45B8DF844F29}.Debug|Any CPU.ActiveCfg = Debug|Any CPU
		{6567CF3F-5F11-67E6-3507-45B8DF844F29}.Debug|Any CPU.Build.0 = Debug|Any CPU
		{6567CF3F-5F11-67E6-3507-45B8DF844F29}.Release|Any CPU.ActiveCfg = Release|Any CPU
		{6567CF3F-5F11-67E6-3507-45B8DF844F29}.Release|Any CPU.Build.0 = Release|Any CPU
	EndGlobalSection
	GlobalSection(SolutionProperties) = preSolution
		HideSolutionNode = FALSE
	EndGlobalSection
EndGlobal
